
Microsoft Visual Studio Solution File, Format Version 12.00
# Visual Studio 15
VisualStudioVersion = 15.0.27428.1
MinimumVisualStudioVersion = 10.0.40219.1
Project("{FAE04EC0-301F-11D3-BF4B-00C04F79EFBC}") = "MitsubishiTester", "MitsubishiTester.csproj", "{A6D49580-3CE8-4BA2-B8E9-8F9AF29E850D}"
EndProject
Project("{FAE04EC0-301F-11D3-BF4B-00C04F79EFBC}") = "WindowsFormsTest", "WindowsFormsTest\WindowsFormsTest.csproj", "{BF67ADB3-4E37-4BDF-8B7A-F69DB09EFA90}"
EndProject
Global
	GlobalSection(SolutionConfigurationPlatforms) = preSolution
		Debug|Any CPU = Debug|Any CPU
		Release|Any CPU = Release|Any CPU
	EndGlobalSection
	GlobalSection(ProjectConfigurationPlatforms) = postSolution
		{A6D49580-3CE8-4BA2-B8E9-8F9AF29E850D}.Debug|Any CPU.ActiveCfg = Debug|Any CPU
		{A6D49580-3CE8-4BA2-B8E9-8F9AF29E850D}.Debug|Any CPU.Build.0 = Debug|Any CPU
		{A6D49580-3CE8-4BA2-B8E9-8F9AF29E850D}.Release|Any CPU.ActiveCfg = Release|Any CPU
		{A6D49580-3CE8-4BA2-B8E9-8F9AF29E850D}.Release|Any CPU.Build.0 = Release|Any CPU
		{BF67ADB3-4E37-4BDF-8B7A-F69DB09EFA90}.Debug|Any CPU.ActiveCfg = Debug|Any CPU
		{BF67ADB3-4E37-4BDF-8B7A-F69DB09EFA90}.Debug|Any CPU.Build.0 = Debug|Any CPU
		{BF67ADB3-4E37-4BDF-8B7A-F69DB09EFA90}.Release|Any CPU.ActiveCfg = Release|Any CPU
		{BF67ADB3-4E37-4BDF-8B7A-F69DB09EFA90}.Release|Any CPU.Build.0 = Release|Any CPU
	EndGlobalSection
	GlobalSection(SolutionProperties) = preSolution
		HideSolutionNode = FALSE
	EndGlobalSection
	GlobalSection(ExtensibilityGlobals) = postSolution
		SolutionGuid = {B4E0262F-40B2-4CCE-9F08-F7C4713DFB12}
	EndGlobalSection
EndGlobal
